
Microsoft Visual Studio Solution File, Format Version 12.00
# Visual Studio Version 16
VisualStudioVersion = 16.0.29613.14
MinimumVisualStudioVersion = 10.0.40219.1
Project("{FAE04EC0-301F-11D3-BF4B-00C04F79EFBC}") = "BackEnd", "BackEnd\BackEnd.csproj", "{9B80D322-3D92-4A05-AEC2-C2AD52DCA809}"
EndProject
Project("{FAE04EC0-301F-11D3-BF4B-00C04F79EFBC}") = "DataAccess", "DataAccess\DataAccess.csproj", "{F76638E4-52C6-473C-B619-EF7F4B5F444E}"
EndProject
Global
	GlobalSection(SolutionConfigurationPlatforms) = preSolution
		Debug|Any CPU = Debug|Any CPU
		Release|Any CPU = Release|Any CPU
	EndGlobalSection
	GlobalSection(ProjectConfigurationPlatforms) = postSolution
		{9B80D322-3D92-4A05-AEC2-C2AD52DCA809}.Debug|Any CPU.ActiveCfg = Debug|Any CPU
		{9B80D322-3D92-4A05-AEC2-C2AD52DCA809}.Debug|Any CPU.Build.0 = Debug|Any CPU
		{9B80D322-3D92-4A05-AEC2-C2AD52DCA809}.Release|Any CPU.ActiveCfg = Release|Any CPU
		{9B80D322-3D92-4A05-AEC2-C2AD52DCA809}.Release|Any CPU.Build.0 = Release|Any CPU
		{F76638E4-52C6-473C-B619-EF7F4B5F444E}.Debug|Any CPU.ActiveCfg = Debug|Any CPU
		{F76638E4-52C6-473C-B619-EF7F4B5F444E}.Debug|Any CPU.Build.0 = Debug|Any CPU
		{F76638E4-52C6-473C-B619-EF7F4B5F444E}.Release|Any CPU.ActiveCfg = Release|Any CPU
		{F76638E4-52C6-473C-B619-EF7F4B5F444E}.Release|Any CPU.Build.0 = Release|Any CPU
	EndGlobalSection
	GlobalSection(SolutionProperties) = preSolution
		HideSolutionNode = FALSE
	EndGlobalSection
	GlobalSection(ExtensibilityGlobals) = postSolution
		SolutionGuid = {09811A8D-61DB-483B-9589-ABA3CA1F1A74}
	EndGlobalSection
EndGlobal
